
Microsoft Visual Studio Solution File, Format Version 12.00
# Visual Studio Version 16
VisualStudioVersion = 16.0.30907.101
MinimumVisualStudioVersion = 10.0.40219.1
Project("{FAE04EC0-301F-11D3-BF4B-00C04F79EFBC}") = "Discord Utilities", "Discord Utilities.csproj", "{D633FBE4-48F9-47D4-8280-D0EA40DBA977}"
EndProject
Global
	GlobalSection(SolutionConfigurationPlatforms) = preSolution
		Debug|Any CPU = Debug|Any CPU
		Release|Any CPU = Release|Any CPU
	EndGlobalSection
	GlobalSection(ProjectConfigurationPlatforms) = postSolution
		{D633FBE4-48F9-47D4-8280-D0EA40DBA977}.Debug|Any CPU.ActiveCfg = Debug|Any CPU
		{D633FBE4-48F9-47D4-8280-D0EA40DBA977}.Debug|Any CPU.Build.0 = Debug|Any CPU
		{D633FBE4-48F9-47D4-8280-D0EA40DBA977}.Release|Any CPU.ActiveCfg = Release|Any CPU
		{D633FBE4-48F9-47D4-8280-D0EA40DBA977}.Release|Any CPU.Build.0 = Release|Any CPU
	EndGlobalSection
	GlobalSection(SolutionProperties) = preSolution
		HideSolutionNode = FALSE
	EndGlobalSection
	GlobalSection(ExtensibilityGlobals) = postSolution
		SolutionGuid = {6B356644-02B0-41A3-A9B9-86B9DEB3FC85}
	EndGlobalSection
EndGlobal
